
Microsoft Visual Studio Solution File, Format Version 12.00
Project("{FAE04EC0-301F-11D3-BF4B-00C04F79EFBC}") = "PRUNner", "PRUNner\PRUNner.csproj", "{20FDB45B-BEB0-413F-8007-FE85311C6FDD}"
EndProject
Project("{FAE04EC0-301F-11D3-BF4B-00C04F79EFBC}") = "FIOImport", "FIOImport\FIOImport.csproj", "{48AAEA59-94F8-48B4-A6C3-1591B69A6C8E}"
EndProject
Project("{FAE04EC0-301F-11D3-BF4B-00C04F79EFBC}") = "Tests", "Tests\Tests.csproj", "{73508C2A-7157-4B7C-9381-2E3899513214}"
EndProject
Project("{FAE04EC0-301F-11D3-BF4B-00C04F79EFBC}") = "PRUNner.Backend", "PRUNner.Backend\PRUNner.Backend.csproj", "{C830E084-C4D1-4991-AE13-AE7C02B2AB28}"
EndProject
Global
	GlobalSection(SolutionConfigurationPlatforms) = preSolution
		Debug|Any CPU = Debug|Any CPU
		Release|Any CPU = Release|Any CPU
	EndGlobalSection
	GlobalSection(ProjectConfigurationPlatforms) = postSolution
		{20FDB45B-BEB0-413F-8007-FE85311C6FDD}.Debug|Any CPU.ActiveCfg = Debug|Any CPU
		{20FDB45B-BEB0-413F-8007-FE85311C6FDD}.Debug|Any CPU.Build.0 = Debug|Any CPU
		{20FDB45B-BEB0-413F-8007-FE85311C6FDD}.Release|Any CPU.ActiveCfg = Release|Any CPU
		{20FDB45B-BEB0-413F-8007-FE85311C6FDD}.Release|Any CPU.Build.0 = Release|Any CPU
		{48AAEA59-94F8-48B4-A6C3-1591B69A6C8E}.Debug|Any CPU.ActiveCfg = Debug|Any CPU
		{48AAEA59-94F8-48B4-A6C3-1591B69A6C8E}.Debug|Any CPU.Build.0 = Debug|Any CPU
		{48AAEA59-94F8-48B4-A6C3-1591B69A6C8E}.Release|Any CPU.ActiveCfg = Release|Any CPU
		{48AAEA59-94F8-48B4-A6C3-1591B69A6C8E}.Release|Any CPU.Build.0 = Release|Any CPU
		{73508C2A-7157-4B7C-9381-2E3899513214}.Debug|Any CPU.ActiveCfg = Debug|Any CPU
		{73508C2A-7157-4B7C-9381-2E3899513214}.Debug|Any CPU.Build.0 = Debug|Any CPU
		{73508C2A-7157-4B7C-9381-2E3899513214}.Release|Any CPU.ActiveCfg = Release|Any CPU
		{73508C2A-7157-4B7C-9381-2E3899513214}.Release|Any CPU.Build.0 = Release|Any CPU
		{C830E084-C4D1-4991-AE13-AE7C02B2AB28}.Debug|Any CPU.ActiveCfg = Debug|Any CPU
		{C830E084-C4D1-4991-AE13-AE7C02B2AB28}.Debug|Any CPU.Build.0 = Debug|Any CPU
		{C830E084-C4D1-4991-AE13-AE7C02B2AB28}.Release|Any CPU.ActiveCfg = Release|Any CPU
		{C830E084-C4D1-4991-AE13-AE7C02B2AB28}.Release|Any CPU.Build.0 = Release|Any CPU
	EndGlobalSection
EndGlobal
